
Microsoft Visual Studio Solution File, Format Version 12.00
# Visual Studio Version 17
VisualStudioVersion = 17.10.34928.147
MinimumVisualStudioVersion = 10.0.40219.1
Project("{9A19103F-16F7-4668-BE54-9A1E7A4F7556}") = "BlazorApp", "BlazorApp.csproj", "{88CBAAD6-A76A-4976-8CDC-F0F9D31E89EF}"
EndProject
Global
	GlobalSection(SolutionConfigurationPlatforms) = preSolution
		Debug|Any CPU = Debug|Any CPU
		Release|Any CPU = Release|Any CPU
	EndGlobalSection
	GlobalSection(ProjectConfigurationPlatforms) = postSolution
		{88CBAAD6-A76A-4976-8CDC-F0F9D31E89EF}.Debug|Any CPU.ActiveCfg = Debug|Any CPU
		{88CBAAD6-A76A-4976-8CDC-F0F9D31E89EF}.Debug|Any CPU.Build.0 = Debug|Any CPU
		{88CBAAD6-A76A-4976-8CDC-F0F9D31E89EF}.Release|Any CPU.ActiveCfg = Release|Any CPU
		{88CBAAD6-A76A-4976-8CDC-F0F9D31E89EF}.Release|Any CPU.Build.0 = Release|Any CPU
	EndGlobalSection
	GlobalSection(SolutionProperties) = preSolution
		HideSolutionNode = FALSE
	EndGlobalSection
	GlobalSection(ExtensibilityGlobals) = postSolution
		SolutionGuid = {E0D22864-5E71-4676-BD47-8FD7BD0D843E}
	EndGlobalSection
EndGlobal
